{
  "name": "pokeapi-omg-example",
  "version": "1.0.0",
  "lockfileVersion": 3,
  "requires": true,
  "packages": {
    "": {
      "name": "pokeapi-omg-example",
      "version": "1.0.0",
      "devDependencies": {
        "omg-cli": "file:../../packages/omg-cli"
      }
    },
    "../../packages/omg-cli": {
      "name": "omg-cli",
      "version": "0.1.0",
      "dev": true,
      "license": "MIT",
      "dependencies": {
        "omg-compiler": "file:../omg-compiler",
        "omg-parser": "file:../omg-parser",
        "chalk": "^5.3.0",
        "commander": "^11.0.0",
        "js-yaml": "^4.1.0"
      },
      "bin": {
        "omg": "dist/cli.js"
      },
      "devDependencies": {
        "@types/js-yaml": "^4.0.9",
        "@types/node": "^20.0.0",
        "typescript": "^5.3.0",
        "vitest": "^1.0.0"
      }
    },
    "node_modules/omg-cli": {
      "resolved": "../../packages/omg-cli",
      "link": true
    }
  }
}
